
Microsoft Visual Studio Solution File, Format Version 12.00
# Visual Studio Version 16
VisualStudioVersion = 16.0.31729.503
MinimumVisualStudioVersion = 10.0.40219.1
Project("{FAE04EC0-301F-11D3-BF4B-00C04F79EFBC}") = "W13-Praktikum", "W13-Praktikum.csproj", "{B28A64B2-7E6F-4141-9A72-A50BEB7281D2}"
EndProject
Global
	GlobalSection(SolutionConfigurationPlatforms) = preSolution
		Debug|Any CPU = Debug|Any CPU
		Release|Any CPU = Release|Any CPU
	EndGlobalSection
	GlobalSection(ProjectConfigurationPlatforms) = postSolution
		{B28A64B2-7E6F-4141-9A72-A50BEB7281D2}.Debug|Any CPU.ActiveCfg = Debug|Any CPU
		{B28A64B2-7E6F-4141-9A72-A50BEB7281D2}.Debug|Any CPU.Build.0 = Debug|Any CPU
		{B28A64B2-7E6F-4141-9A72-A50BEB7281D2}.Release|Any CPU.ActiveCfg = Release|Any CPU
		{B28A64B2-7E6F-4141-9A72-A50BEB7281D2}.Release|Any CPU.Build.0 = Release|Any CPU
	EndGlobalSection
	GlobalSection(SolutionProperties) = preSolution
		HideSolutionNode = FALSE
	EndGlobalSection
	GlobalSection(ExtensibilityGlobals) = postSolution
		SolutionGuid = {5E058EEF-7714-4835-8F28-27FF1F107996}
	EndGlobalSection
EndGlobal
